
Microsoft Visual Studio Solution File, Format Version 12.00
# Visual Studio Version 17
VisualStudioVersion = 17.3.32929.385
MinimumVisualStudioVersion = 10.0.40219.1
Project("{9A19103F-16F7-4668-BE54-9A1E7A4F7556}") = "EstoqueConsoleApp", "EstoqueConsoleApp\EstoqueConsoleApp.csproj", "{7773F3EC-DA98-439B-BDDB-090A9A3417F3}"
EndProject
Project("{9A19103F-16F7-4668-BE54-9A1E7A4F7556}") = "EstudoConsoleApp", "EstudoConsoleApp\EstudoConsoleApp.csproj", "{2CEE60DA-08F3-467F-B672-B833A29B098D}"
EndProject
Project("{9A19103F-16F7-4668-BE54-9A1E7A4F7556}") = "EstoqueApp", "EstoqueApp\EstoqueApp.csproj", "{E5FA36DE-7868-4F8B-B34D-70DAACEBB511}"
EndProject
Project("{2150E333-8FDC-42A3-9474-1A3956D46DE8}") = "01 - Exercicios", "01 - Exercicios", "{2B4D10BF-B4E2-42EC-8BCC-58B1E187D71E}"
EndProject
Project("{2150E333-8FDC-42A3-9474-1A3956D46DE8}") = "02 - Modelo", "02 - Modelo", "{DE248987-0402-487A-B42C-92E3D878D6BB}"
EndProject
Project("{2150E333-8FDC-42A3-9474-1A3956D46DE8}") = "03 - Arquitetura", "03 - Arquitetura", "{7B38F7CA-B429-4688-9D19-F9454E38ABB9}"
EndProject
Project("{FAE04EC0-301F-11D3-BF4B-00C04F79EFBC}") = "Atacado.Dominio", "Atacado.Dominio\Atacado.Dominio.csproj", "{07344EE0-BC5B-4C4E-963F-D865B95A322A}"
EndProject
Project("{FAE04EC0-301F-11D3-BF4B-00C04F79EFBC}") = "Atacado.Poco", "Atacado.Poco\Atacado.Poco.csproj", "{FF0F83F1-659F-4913-A74C-88BB10C861A4}"
EndProject
Project("{FAE04EC0-301F-11D3-BF4B-00C04F79EFBC}") = "Atacado.DB.FakeDB", "Atacado.DB.FakeDB\Atacado.DB.FakeDB.csproj", "{0959055E-CCFE-46D6-B912-C8F5EE5D9D9D}"
EndProject
Global
	GlobalSection(SolutionConfigurationPlatforms) = preSolution
		Debug|Any CPU = Debug|Any CPU
		Release|Any CPU = Release|Any CPU
	EndGlobalSection
	GlobalSection(ProjectConfigurationPlatforms) = postSolution
		{7773F3EC-DA98-439B-BDDB-090A9A3417F3}.Debug|Any CPU.ActiveCfg = Debug|Any CPU
		{7773F3EC-DA98-439B-BDDB-090A9A3417F3}.Debug|Any CPU.Build.0 = Debug|Any CPU
		{7773F3EC-DA98-439B-BDDB-090A9A3417F3}.Release|Any CPU.ActiveCfg = Release|Any CPU
		{7773F3EC-DA98-439B-BDDB-090A9A3417F3}.Release|Any CPU.Build.0 = Release|Any CPU
		{2CEE60DA-08F3-467F-B672-B833A29B098D}.Debug|Any CPU.ActiveCfg = Debug|Any CPU
		{2CEE60DA-08F3-467F-B672-B833A29B098D}.Debug|Any CPU.Build.0 = Debug|Any CPU
		{2CEE60DA-08F3-467F-B672-B833A29B098D}.Release|Any CPU.ActiveCfg = Release|Any CPU
		{2CEE60DA-08F3-467F-B672-B833A29B098D}.Release|Any CPU.Build.0 = Release|Any CPU
		{E5FA36DE-7868-4F8B-B34D-70DAACEBB511}.Debug|Any CPU.ActiveCfg = Debug|Any CPU
		{E5FA36DE-7868-4F8B-B34D-70DAACEBB511}.Debug|Any CPU.Build.0 = Debug|Any CPU
		{E5FA36DE-7868-4F8B-B34D-70DAACEBB511}.Release|Any CPU.ActiveCfg = Release|Any CPU
		{E5FA36DE-7868-4F8B-B34D-70DAACEBB511}.Release|Any CPU.Build.0 = Release|Any CPU
		{07344EE0-BC5B-4C4E-963F-D865B95A322A}.Debug|Any CPU.ActiveCfg = Debug|Any CPU
		{07344EE0-BC5B-4C4E-963F-D865B95A322A}.Debug|Any CPU.Build.0 = Debug|Any CPU
		{07344EE0-BC5B-4C4E-963F-D865B95A322A}.Release|Any CPU.ActiveCfg = Release|Any CPU
		{07344EE0-BC5B-4C4E-963F-D865B95A322A}.Release|Any CPU.Build.0 = Release|Any CPU
		{FF0F83F1-659F-4913-A74C-88BB10C861A4}.Debug|Any CPU.ActiveCfg = Debug|Any CPU
		{FF0F83F1-659F-4913-A74C-88BB10C861A4}.Debug|Any CPU.Build.0 = Debug|Any CPU
		{FF0F83F1-659F-4913-A74C-88BB10C861A4}.Release|Any CPU.ActiveCfg = Release|Any CPU
		{FF0F83F1-659F-4913-A74C-88BB10C861A4}.Release|Any CPU.Build.0 = Release|Any CPU
		{0959055E-CCFE-46D6-B912-C8F5EE5D9D9D}.Debug|Any CPU.ActiveCfg = Debug|Any CPU
		{0959055E-CCFE-46D6-B912-C8F5EE5D9D9D}.Debug|Any CPU.Build.0 = Debug|Any CPU
		{0959055E-CCFE-46D6-B912-C8F5EE5D9D9D}.Release|Any CPU.ActiveCfg = Release|Any CPU
		{0959055E-CCFE-46D6-B912-C8F5EE5D9D9D}.Release|Any CPU.Build.0 = Release|Any CPU
	EndGlobalSection
	GlobalSection(SolutionProperties) = preSolution
		HideSolutionNode = FALSE
	EndGlobalSection
	GlobalSection(NestedProjects) = preSolution
		{7773F3EC-DA98-439B-BDDB-090A9A3417F3} = {2B4D10BF-B4E2-42EC-8BCC-58B1E187D71E}
		{2CEE60DA-08F3-467F-B672-B833A29B098D} = {2B4D10BF-B4E2-42EC-8BCC-58B1E187D71E}
		{E5FA36DE-7868-4F8B-B34D-70DAACEBB511} = {DE248987-0402-487A-B42C-92E3D878D6BB}
		{07344EE0-BC5B-4C4E-963F-D865B95A322A} = {7B38F7CA-B429-4688-9D19-F9454E38ABB9}
		{FF0F83F1-659F-4913-A74C-88BB10C861A4} = {7B38F7CA-B429-4688-9D19-F9454E38ABB9}
		{0959055E-CCFE-46D6-B912-C8F5EE5D9D9D} = {7B38F7CA-B429-4688-9D19-F9454E38ABB9}
	EndGlobalSection
	GlobalSection(ExtensibilityGlobals) = postSolution
		SolutionGuid = {7FF8E48A-4981-4815-BC78-E52DC82DBC59}
	EndGlobalSection
EndGlobal
